{
  "nodes": {
    "buildRoot": {
      "flake": false,
      "locked": {
        "path": "dummy-kernel-build",
        "type": "path"
      },
      "original": {
        "path": "dummy-kernel-build",
        "type": "path"
      },
      "parent": []
    },
    "nixpkgs": {
      "locked": {
        "lastModified": 1785097226,
        "narHash": "sha256-swMTICNfkbeSMWmivOcoXA0z13bUUwcjZm9gw7wiepM=",
        "owner": "NixOS",
        "repo": "nixpkgs",
        "rev": "d35a958a23af88d356aba1cbf70f1e7c24bd3ca6",
        "type": "github"
      },
      "original": {
        "owner": "NixOS",
        "repo": "nixpkgs",
        "type": "github"
      }
    },
    "root": {
      "inputs": {
        "buildRoot": "buildRoot",
        "nixpkgs": "nixpkgs",
        "src": "src",
        "utils": "utils"
      }
    },
    "src": {
      "flake": false,
      "locked": {
        "narHash": "sha256-o8+xKpZYB4R1g4Z3agA6x65oZajSkSSf9obOHnZSz+k=",
        "type": "file",
        "url": "https://evilpiepirate.org/git/bcachefs.git"
      },
      "original": {
        "type": "file",
        "url": "https://evilpiepirate.org/git/bcachefs.git"
      }
    },
    "utils": {
      "locked": {
        "lastModified": 1676283394,
        "narHash": "sha256-XX2f9c3iySLCw54rJ/CZs+ZK6IQy7GXNY4nSOyu2QG4=",
        "owner": "numtide",
        "repo": "flake-utils",
        "rev": "3db36a8b464d0c4532ba1c7dda728f4576d6d073",
        "type": "github"
      },
      "original": {
        "owner": "numtide",
        "repo": "flake-utils",
        "type": "github"
      }
    }
  },
  "root": "root",
  "version": 7
}
